// !$*UTF8*$!
{
	archiveVersion = 1;
	classes = {
	};
	objectVersion = 50;
	objects = {

/* Begin PBXBuildFile section */
		180DA9F2229390E4005864CF /* HHArcObject.m in Sources */ = {isa = PBXBuildFile; fileRef = 180DA9F1229390E4005864CF /* HHArcObject.m */; };
		180DA9F52293C71E005864CF /* HHPassAround.m in Sources */ = {isa = PBXBuildFile; fileRef = 180DA9F42293C71E005864CF /* HHPassAround.m */; };
		18E0476C22924E88007EDA22 /* main.m in Sources */ = {isa = PBXBuildFile; fileRef = 18E0476B22924E88007EDA22 /* main.m */; };
		18E4EC1222966FCF00CDFD31 /* HHDealloObject.m in Sources */ = {isa = PBXBuildFile; fileRef = 18E4EC1122966FCF00CDFD31 /* HHDealloObject.m */; };
/* End PBXBuildFile section */

/* Begin PBXCopyFilesBuildPhase section */
		18E0476622924E88007EDA22 /* CopyFiles */ = {
			isa = PBXCopyFilesBuildPhase;
			buildActionMask = 2147483647;
			dstPath = /usr/share/man/man1/;
			dstSubfolderSpec = 0;
			files = (
			);
			runOnlyForDeploymentPostprocessing = 1;
		};
/* End PBXCopyFilesBuildPhase section */

/* Begin PBXFileReference section */
		180DA9F0229390E4005864CF /* HHArcObject.h */ = {isa = PBXFileReference; lastKnownFileType = sourcecode.c.h; path = HHArcObject.h; sourceTree = "<group>"; };
		180DA9F1229390E4005864CF /* HHArcObject.m */ = {isa = PBXFileReference; lastKnownFileType = sourcecode.c.objc; path = HHArcObject.m; sourceTree = "<group>"; };
		180DA9F32293C71E005864CF /* HHPassAround.h */ = {isa = PBXFileReference; lastKnownFileType = sourcecode.c.h; path = HHPassAround.h; sourceTree = "<group>"; };
		180DA9F42293C71E005864CF /* HHPassAround.m */ = {isa = PBXFileReference; lastKnownFileType = sourcecode.c.objc; path = HHPassAround.m; sourceTree = "<group>"; };
		18E0476822924E88007EDA22 /* ArcDetective */ = {isa = PBXFileReference; explicitFileType = "compiled.mach-o.executable"; includeInIndex = 0; path = ArcDetective; sourceTree = BUILT_PRODUCTS_DIR; };
		18E0476B22924E88007EDA22 /* main.m */ = {isa = PBXFileReference; lastKnownFileType = sourcecode.c.objc; path = main.m; sourceTree = "<group>"; };
		18E4EC1022966FCF00CDFD31 /* HHDealloObject.h */ = {isa = PBXFileReference; lastKnownFileType = sourcecode.c.h; path = HHDealloObject.h; sourceTree = "<group>"; };
		18E4EC1122966FCF00CDFD31 /* HHDealloObject.m */ = {isa = PBXFileReference; lastKnownFileType = sourcecode.c.objc; path = HHDealloObject.m; sourceTree = "<group>"; };
/* End PBXFileReference section */

/* Begin PBXFrameworksBuildPhase section */
		18E0476522924E88007EDA22 /* Frameworks */ = {
			isa = PBXFrameworksBuildPhase;
			buildActionMask = 2147483647;
			files = (
			);
			runOnlyForDeploymentPostprocessing = 0;
		};
/* End PBXFrameworksBuildPhase section */

/* Begin PBXGroup section */
		18E0475F22924E88007EDA22 = {
			isa = PBXGroup;
			children = (
				18E0476A22924E88007EDA22 /* ArcDetective */,
				18E0476922924E88007EDA22 /* Products */,
			);
			sourceTree = "<group>";
		};
		18E0476922924E88007EDA22 /* Products */ = {
			isa = PBXGroup;
			children = (
				18E0476822924E88007EDA22 /* ArcDetective */,
			);
			name = Products;
			sourceTree = "<group>";
		};
		18E0476A22924E88007EDA22 /* ArcDetective */ = {
			isa = PBXGroup;
			children = (
				18E0476B22924E88007EDA22 /* main.m */,
				180DA9F0229390E4005864CF /* HHArcObject.h */,
				180DA9F1229390E4005864CF /* HHArcObject.m */,
				180DA9F32293C71E005864CF /* HHPassAround.h */,
				180DA9F42293C71E005864CF /* HHPassAround.m */,
				18E4EC1022966FCF00CDFD31 /* HHDealloObject.h */,
				18E4EC1122966FCF00CDFD31 /* HHDealloObject.m */,
			);
			path = ArcDetective;
			sourceTree = "<group>";
		};
/* End PBXGroup section */

/* Begin PBXNativeTarget section */
		18E0476722924E88007EDA22 /* ArcDetective */ = {
			isa = PBXNativeTarget;
			buildConfigurationList = 18E0476F22924E88007EDA22 /* Build configuration list for PBXNativeTarget "ArcDetective" */;
			buildPhases = (
				18E0476422924E88007EDA22 /* Sources */,
				18E0476522924E88007EDA22 /* Frameworks */,
				18E0476622924E88007EDA22 /* CopyFiles */,
			);
			buildRules = (
			);
			dependencies = (
			);
			name = ArcDetective;
			productName = ArcDetective;
			productReference = 18E0476822924E88007EDA22 /* ArcDetective */;
			productType = "com.apple.product-type.tool";
		};
/* End PBXNativeTarget section */

/* Begin PBXProject section */
		18E0476022924E88007EDA22 /* Project object */ = {
			isa = PBXProject;
			attributes = {
				LastUpgradeCheck = 1020;
				ORGANIZATIONNAME = apple;
				TargetAttributes = {
					18E0476722924E88007EDA22 = {
						CreatedOnToolsVersion = 10.2.1;
					};
				};
			};
			buildConfigurationList = 18E0476322924E88007EDA22 /* Build configuration list for PBXProject "ArcDetective" */;
			compatibilityVersion = "Xcode 9.3";
			developmentRegion = en;
			hasScannedForEncodings = 0;
			knownRegions = (
				en,
			);
			mainGroup = 18E0475F22924E88007EDA22;
			productRefGroup = 18E0476922924E88007EDA22 /* Products */;
			projectDirPath = "";
			projectRoot = "";
			targets = (
				18E0476722924E88007EDA22 /* ArcDetective */,
			);
		};
/* End PBXProject section */

/* Begin PBXSourcesBuildPhase section */
		18E0476422924E88007EDA22 /* Sources */ = {
			isa = PBXSourcesBuildPhase;
			buildActionMask = 2147483647;
			files = (
				18E0476C22924E88007EDA22 /* main.m in Sources */,
				180DA9F52293C71E005864CF /* HHPassAround.m in Sources */,
				180DA9F2229390E4005864CF /* HHArcObject.m in Sources */,
				18E4EC1222966FCF00CDFD31 /* HHDealloObject.m in Sources */,
			);
			runOnlyForDeploymentPostprocessing = 0;
		};
/* End PBXSourcesBuildPhase section */

/* Begin XCBuildConfiguration section */
		18E0476D22924E88007EDA22 /* Debug */ = {
			isa = XCBuildConfiguration;
			buildSettings = {
				ALWAYS_SEARCH_USER_PATHS = NO;
				CLANG_ANALYZER_NONNULL = YES;
				CLANG_ANALYZER_NUMBER_OBJECT_CONVERSION = YES_AGGRESSIVE;
				CLANG_CXX_LANGUAGE_STANDARD = "gnu++14";
				CLANG_CXX_LIBRARY = "libc++";
				CLANG_ENABLE_MODULES = YES;
				CLANG_ENABLE_OBJC_ARC = YES;
				CLANG_ENABLE_OBJC_WEAK = YES;
				CLANG_WARN_BLOCK_CAPTURE_AUTORELEASING = YES;
				CLANG_WARN_BOOL_CONVERSION = YES;
				CLANG_WARN_COMMA = YES;
				CLANG_WARN_CONSTANT_CONVERSION = YES;
				CLANG_WARN_DEPRECATED_OBJC_IMPLEMENTATIONS = YES;
				CLANG_WARN_DIRECT_OBJC_ISA_USAGE = YES_ERROR;
				CLANG_WARN_DOCUMENTATION_COMMENTS = YES;
				CLANG_WARN_EMPTY_BODY = YES;
				CLANG_WARN_ENUM_CONVERSION = YES;
				CLANG_WARN_INFINITE_RECURSION = YES;
				CLANG_WARN_INT_CONVERSION = YES;
				CLANG_WARN_NON_LITERAL_NULL_CONVERSION = YES;
				CLANG_WARN_OBJC_IMPLICIT_RETAIN_SELF = YES;
				CLANG_WARN_OBJC_LITERAL_CONVERSION = YES;
				CLANG_WARN_OBJC_ROOT_CLASS = YES_ERROR;
				CLANG_WARN_RANGE_LOOP_ANALYSIS = YES;
				CLANG_WARN_STRICT_PROTOTYPES = YES;
				CLANG_WARN_SUSPICIOUS_MOVE = YES;
				CLANG_WARN_UNGUARDED_AVAILABILITY = YES_AGGRESSIVE;
				CLANG_WARN_UNREACHABLE_CODE = YES;
				CLANG_WARN__DUPLICATE_METHOD_MATCH = YES;
				CODE_SIGN_IDENTITY = "-";
				COPY_PHASE_STRIP = NO;
				DEBUG_INFORMATION_FORMAT = dwarf;
				ENABLE_STRICT_OBJC_MSGSEND = YES;
				ENABLE_TESTABILITY = YES;
				GCC_C_LANGUAGE_STANDARD = gnu11;
				GCC_DYNAMIC_NO_PIC = NO;
				GCC_NO_COMMON_BLOCKS = YES;
				GCC_OPTIMIZATION_LEVEL = 0;
				GCC_PREPROCESSOR_DEFINITIONS = (
					"DEBUG=1",
					"$(inherited)",
				);
				GCC_WARN_64_TO_32_BIT_CONVERSION = YES;
				GCC_WARN_ABOUT_RETURN_TYPE = YES_ERROR;
				GCC_WARN_UNDECLARED_SELECTOR = YES;
				GCC_WARN_UNINITIALIZED_AUTOS = YES_AGGRESSIVE;
				GCC_WARN_UNUSED_FUNCTION = YES;
				GCC_WARN_UNUSED_VARIABLE = YES;
				MACOSX_DEPLOYMENT_TARGET = 10.14;
				MTL_ENABLE_DEBUG_INFO = INCLUDE_SOURCE;
				MTL_FAST_MATH = YES;
				ONLY_ACTIVE_ARCH = YES;
				SDKROOT = macosx;
			};
			name = Debug;
		};
		18E0476E22924E88007EDA22 /* Release */ = {
			isa = XCBuildConfiguration;
			buildSettings = {
				ALWAYS_SEARCH_USER_PATHS = NO;
				CLANG_ANALYZER_NONNULL = YES;
				CLANG_ANALYZER_NUMBER_OBJECT_CONVERSION = YES_AGGRESSIVE;
				CLANG_CXX_LANGUAGE_STANDARD = "gnu++14";
				CLANG_CXX_LIBRARY = "libc++";
				CLANG_ENABLE_MODULES = YES;
				CLANG_ENABLE_OBJC_ARC = YES;
				CLANG_ENABLE_OBJC_WEAK = YES;
				CLANG_WARN_BLOCK_CAPTURE_AUTORELEASING = YES;
				CLANG_WARN_BOOL_CONVERSION = YES;
				CLANG_WARN_COMMA = YES;
				CLANG_WARN_CONSTANT_CONVERSION = YES;
				CLANG_WARN_DEPRECATED_OBJC_IMPLEMENTATIONS = YES;
				CLANG_WARN_DIRECT_OBJC_ISA_USAGE = YES_ERROR;
				CLANG_WARN_DOCUMENTATION_COMMENTS = YES;
				CLANG_WARN_EMPTY_BODY = YES;
				CLANG_WARN_ENUM_CONVERSION = YES;
				CLANG_WARN_INFINITE_RECURSION = YES;
				CLANG_WARN_INT_CONVERSION = YES;
				CLANG_WARN_NON_LITERAL_NULL_CONVERSION = YES;
				CLANG_WARN_OBJC_IMPLICIT_RETAIN_SELF = YES;
				CLANG_WARN_OBJC_LITERAL_CONVERSION = YES;
				CLANG_WARN_OBJC_ROOT_CLASS = YES_ERROR;
				CLANG_WARN_RANGE_LOOP_ANALYSIS = YES;
				CLANG_WARN_STRICT_PROTOTYPES = YES;
				CLANG_WARN_SUSPICIOUS_MOVE = YES;
				CLANG_WARN_UNGUARDED_AVAILABILITY = YES_AGGRESSIVE;
				CLANG_WARN_UNREACHABLE_CODE = YES;
				CLANG_WARN__DUPLICATE_METHOD_MATCH = YES;
				CODE_SIGN_IDENTITY = "-";
				COPY_PHASE_STRIP = NO;
				DEBUG_INFORMATION_FORMAT = "dwarf-with-dsym";
				ENABLE_NS_ASSERTIONS = NO;
				ENABLE_STRICT_OBJC_MSGSEND = YES;
				GCC_C_LANGUAGE_STANDARD = gnu11;
				GCC_NO_COMMON_BLOCKS = YES;
				GCC_WARN_64_TO_32_BIT_CONVERSION = YES;
				GCC_WARN_ABOUT_RETURN_TYPE = YES_ERROR;
				GCC_WARN_UNDECLARED_SELECTOR = YES;
				GCC_WARN_UNINITIALIZED_AUTOS = YES_AGGRESSIVE;
				GCC_WARN_UNUSED_FUNCTION = YES;
				GCC_WARN_UNUSED_VARIABLE = YES;
				MACOSX_DEPLOYMENT_TARGET = 10.14;
				MTL_ENABLE_DEBUG_INFO = NO;
				MTL_FAST_MATH = YES;
				SDKROOT = macosx;
			};
			name = Release;
		};
		18E0477022924E88007EDA22 /* Debug */ = {
			isa = XCBuildConfiguration;
			buildSettings = {
				CODE_SIGN_STYLE = Automatic;
				PRODUCT_NAME = "$(TARGET_NAME)";
			};
			name = Debug;
		};
		18E0477122924E88007EDA22 /* Release */ = {
			isa = XCBuildConfiguration;
			buildSettings = {
				CODE_SIGN_STYLE = Automatic;
				PRODUCT_NAME = "$(TARGET_NAME)";
			};
			name = Release;
		};
/* End XCBuildConfiguration section */

/* Begin XCConfigurationList section */
		18E0476322924E88007EDA22 /* Build configuration list for PBXProject "ArcDetective" */ = {
			isa = XCConfigurationList;
			buildConfigurations = (
				18E0476D22924E88007EDA22 /* Debug */,
				18E0476E22924E88007EDA22 /* Release */,
			);
			defaultConfigurationIsVisible = 0;
			defaultConfigurationName = Release;
		};
		18E0476F22924E88007EDA22 /* Build configuration list for PBXNativeTarget "ArcDetective" */ = {
			isa = XCConfigurationList;
			buildConfigurations = (
				18E0477022924E88007EDA22 /* Debug */,
				18E0477122924E88007EDA22 /* Release */,
			);
			defaultConfigurationIsVisible = 0;
			defaultConfigurationName = Release;
		};
/* End XCConfigurationList section */
	};
	rootObject = 18E0476022924E88007EDA22 /* Project object */;
}
